
Microsoft Visual Studio Solution File, Format Version 11.00
# Visual Studio 2010
Project("{FAE04EC0-301F-11D3-BF4B-00C04F79EFBC}") = "MofilerIOS", "Assembly-CSharp-firstpass.csproj", "{0763CC90-9B11-08E2-2A58-50DE18AAA9F9}"
EndProject
Project("{FAE04EC0-301F-11D3-BF4B-00C04F79EFBC}") = "MofilerIOS", "Assembly-CSharp.csproj", "{850A5EFC-629B-C9E2-937C-6F4388FC76D5}"
EndProject
Project("{FAE04EC0-301F-11D3-BF4B-00C04F79EFBC}") = "MofilerIOS", "Assembly-CSharp-Editor-firstpass.csproj", "{C9C64395-ADF3-3AD1-84E0-377A5582AB8D}"
EndProject
Global
	GlobalSection(SolutionConfigurationPlatforms) = preSolution
		Debug|Any CPU = Debug|Any CPU
		Release|Any CPU = Release|Any CPU
	EndGlobalSection
	GlobalSection(ProjectConfigurationPlatforms) = postSolution
		{0763CC90-9B11-08E2-2A58-50DE18AAA9F9}.Debug|Any CPU.ActiveCfg = Debug|Any CPU
		{0763CC90-9B11-08E2-2A58-50DE18AAA9F9}.Debug|Any CPU.Build.0 = Debug|Any CPU
		{0763CC90-9B11-08E2-2A58-50DE18AAA9F9}.Release|Any CPU.ActiveCfg = Release|Any CPU
		{0763CC90-9B11-08E2-2A58-50DE18AAA9F9}.Release|Any CPU.Build.0 = Release|Any CPU
		{850A5EFC-629B-C9E2-937C-6F4388FC76D5}.Debug|Any CPU.ActiveCfg = Debug|Any CPU
		{850A5EFC-629B-C9E2-937C-6F4388FC76D5}.Debug|Any CPU.Build.0 = Debug|Any CPU
		{850A5EFC-629B-C9E2-937C-6F4388FC76D5}.Release|Any CPU.ActiveCfg = Release|Any CPU
		{850A5EFC-629B-C9E2-937C-6F4388FC76D5}.Release|Any CPU.Build.0 = Release|Any CPU
		{C9C64395-ADF3-3AD1-84E0-377A5582AB8D}.Debug|Any CPU.ActiveCfg = Debug|Any CPU
		{C9C64395-ADF3-3AD1-84E0-377A5582AB8D}.Debug|Any CPU.Build.0 = Debug|Any CPU
		{C9C64395-ADF3-3AD1-84E0-377A5582AB8D}.Release|Any CPU.ActiveCfg = Release|Any CPU
		{C9C64395-ADF3-3AD1-84E0-377A5582AB8D}.Release|Any CPU.Build.0 = Release|Any CPU
	EndGlobalSection
	GlobalSection(SolutionProperties) = preSolution
		HideSolutionNode = FALSE
	EndGlobalSection
	GlobalSection(MonoDevelopProperties) = preSolution
		StartupItem = Assembly-CSharp.csproj
	EndGlobalSection
EndGlobal
